
Microsoft Visual Studio Solution File, Format Version 12.00
# Visual Studio Version 16
VisualStudioVersion = 16.0.28803.452
MinimumVisualStudioVersion = 10.0.40219.1
Project("{FAE04EC0-301F-11D3-BF4B-00C04F79EFBC}") = "InheritanceAndInterface", "InheritanceAndInterface\InheritanceAndInterface.csproj", "{E558E2AE-8583-43C7-9931-40B8BD9F42ED}"
EndProject
Global
	GlobalSection(SolutionConfigurationPlatforms) = preSolution
		Debug|Any CPU = Debug|Any CPU
		Release|Any CPU = Release|Any CPU
	EndGlobalSection
	GlobalSection(ProjectConfigurationPlatforms) = postSolution
		{E558E2AE-8583-43C7-9931-40B8BD9F42ED}.Debug|Any CPU.ActiveCfg = Debug|Any CPU
		{E558E2AE-8583-43C7-9931-40B8BD9F42ED}.Debug|Any CPU.Build.0 = Debug|Any CPU
		{E558E2AE-8583-43C7-9931-40B8BD9F42ED}.Release|Any CPU.ActiveCfg = Release|Any CPU
		{E558E2AE-8583-43C7-9931-40B8BD9F42ED}.Release|Any CPU.Build.0 = Release|Any CPU
	EndGlobalSection
	GlobalSection(SolutionProperties) = preSolution
		HideSolutionNode = FALSE
	EndGlobalSection
	GlobalSection(ExtensibilityGlobals) = postSolution
		SolutionGuid = {170BF5D7-3B5F-4AA0-83FC-763754F29648}
	EndGlobalSection
EndGlobal
